// !$*UTF8*$!
{
	archiveVersion = 1;
	classes = {
	};
	objectVersion = 55;
	objects = {

/* Begin PBXBuildFile section */
		FCB1B99028D35766000F1B43 /* AppDelegate.swift in Sources */ = {isa = PBXBuildFile; fileRef = FCB1B98F28D35766000F1B43 /* AppDelegate.swift */; };
		FCB1B99228D35766000F1B43 /* SceneDelegate.swift in Sources */ = {isa = PBXBuildFile; fileRef = FCB1B99128D35766000F1B43 /* SceneDelegate.swift */; };
		FCB1B99428D35766000F1B43 /* ViewController.swift in Sources */ = {isa = PBXBuildFile; fileRef = FCB1B99328D35766000F1B43 /* ViewController.swift */; };
		FCB1B99728D35766000F1B43 /* Main.storyboard in Resources */ = {isa = PBXBuildFile; fileRef = FCB1B99528D35766000F1B43 /* Main.storyboard */; };
		FCB1B99A28D35766000F1B43 /* FSPagerView_Demo.xcdatamodeld in Sources */ = {isa = PBXBuildFile; fileRef = FCB1B99828D35766000F1B43 /* FSPagerView_Demo.xcdatamodeld */; };
		FCB1B99C28D35769000F1B43 /* Assets.xcassets in Resources */ = {isa = PBXBuildFile; fileRef = FCB1B99B28D35769000F1B43 /* Assets.xcassets */; };
		FCB1B99F28D35769000F1B43 /* LaunchScreen.storyboard in Resources */ = {isa = PBXBuildFile; fileRef = FCB1B99D28D35769000F1B43 /* LaunchScreen.storyboard */; };
		FCB1B9AA28D35769000F1B43 /* FSPagerView_DemoTests.swift in Sources */ = {isa = PBXBuildFile; fileRef = FCB1B9A928D35769000F1B43 /* FSPagerView_DemoTests.swift */; };
		FCB1B9B428D35769000F1B43 /* FSPagerView_DemoUITests.swift in Sources */ = {isa = PBXBuildFile; fileRef = FCB1B9B328D35769000F1B43 /* FSPagerView_DemoUITests.swift */; };
		FCB1B9B628D35769000F1B43 /* FSPagerView_DemoUITestsLaunchTests.swift in Sources */ = {isa = PBXBuildFile; fileRef = FCB1B9B528D35769000F1B43 /* FSPagerView_DemoUITestsLaunchTests.swift */; };
/* End PBXBuildFile section */

/* Begin PBXContainerItemProxy section */
		FCB1B9A628D35769000F1B43 /* PBXContainerItemProxy */ = {
			isa = PBXContainerItemProxy;
			containerPortal = FCB1B98428D35766000F1B43 /* Project object */;
			proxyType = 1;
			remoteGlobalIDString = FCB1B98B28D35766000F1B43;
			remoteInfo = "FSPagerView Demo";
		};
		FCB1B9B028D35769000F1B43 /* PBXContainerItemProxy */ = {
			isa = PBXContainerItemProxy;
			containerPortal = FCB1B98428D35766000F1B43 /* Project object */;
			proxyType = 1;
			remoteGlobalIDString = FCB1B98B28D35766000F1B43;
			remoteInfo = "FSPagerView Demo";
		};
/* End PBXContainerItemProxy section */

/* Begin PBXFileReference section */
		FCB1B98C28D35766000F1B43 /* FSPagerView Demo.app */ = {isa = PBXFileReference; explicitFileType = wrapper.application; includeInIndex = 0; path = "FSPagerView Demo.app"; sourceTree = BUILT_PRODUCTS_DIR; };
		FCB1B98F28D35766000F1B43 /* AppDelegate.swift */ = {isa = PBXFileReference; lastKnownFileType = sourcecode.swift; path = AppDelegate.swift; sourceTree = "<group>"; };
		FCB1B99128D35766000F1B43 /* SceneDelegate.swift */ = {isa = PBXFileReference; lastKnownFileType = sourcecode.swift; path = SceneDelegate.swift; sourceTree = "<group>"; };
		FCB1B99328D35766000F1B43 /* ViewController.swift */ = {isa = PBXFileReference; lastKnownFileType = sourcecode.swift; path = ViewController.swift; sourceTree = "<group>"; };
		FCB1B99628D35766000F1B43 /* Base */ = {isa = PBXFileReference; lastKnownFileType = file.storyboard; name = Base; path = Base.lproj/Main.storyboard; sourceTree = "<group>"; };
		FCB1B99928D35766000F1B43 /* FSPagerView_Demo.xcdatamodel */ = {isa = PBXFileReference; lastKnownFileType = wrapper.xcdatamodel; path = FSPagerView_Demo.xcdatamodel; sourceTree = "<group>"; };
		FCB1B99B28D35769000F1B43 /* Assets.xcassets */ = {isa = PBXFileReference; lastKnownFileType = folder.assetcatalog; path = Assets.xcassets; sourceTree = "<group>"; };
		FCB1B99E28D35769000F1B43 /* Base */ = {isa = PBXFileReference; lastKnownFileType = file.storyboard; name = Base; path = Base.lproj/LaunchScreen.storyboard; sourceTree = "<group>"; };
		FCB1B9A028D35769000F1B43 /* Info.plist */ = {isa = PBXFileReference; lastKnownFileType = text.plist.xml; path = Info.plist; sourceTree = "<group>"; };
		FCB1B9A528D35769000F1B43 /* FSPagerView DemoTests.xctest */ = {isa = PBXFileReference; explicitFileType = wrapper.cfbundle; includeInIndex = 0; path = "FSPagerView DemoTests.xctest"; sourceTree = BUILT_PRODUCTS_DIR; };
		FCB1B9A928D35769000F1B43 /* FSPagerView_DemoTests.swift */ = {isa = PBXFileReference; lastKnownFileType = sourcecode.swift; path = FSPagerView_DemoTests.swift; sourceTree = "<group>"; };
		FCB1B9AF28D35769000F1B43 /* FSPagerView DemoUITests.xctest */ = {isa = PBXFileReference; explicitFileType = wrapper.cfbundle; includeInIndex = 0; path = "FSPagerView DemoUITests.xctest"; sourceTree = BUILT_PRODUCTS_DIR; };
		FCB1B9B328D35769000F1B43 /* FSPagerView_DemoUITests.swift */ = {isa = PBXFileReference; lastKnownFileType = sourcecode.swift; path = FSPagerView_DemoUITests.swift; sourceTree = "<group>"; };
		FCB1B9B528D35769000F1B43 /* FSPagerView_DemoUITestsLaunchTests.swift */ = {isa = PBXFileReference; lastKnownFileType = sourcecode.swift; path = FSPagerView_DemoUITestsLaunchTests.swift; sourceTree = "<group>"; };
/* End PBXFileReference section */

/* Begin PBXFrameworksBuildPhase section */
		FCB1B98928D35766000F1B43 /* Frameworks */ = {
			isa = PBXFrameworksBuildPhase;
			buildActionMask = 2147483647;
			files = (
			);
			runOnlyForDeploymentPostprocessing = 0;
		};
		FCB1B9A228D35769000F1B43 /* Frameworks */ = {
			isa = PBXFrameworksBuildPhase;
			buildActionMask = 2147483647;
			files = (
			);
			runOnlyForDeploymentPostprocessing = 0;
		};
		FCB1B9AC28D35769000F1B43 /* Frameworks */ = {
			isa = PBXFrameworksBuildPhase;
			buildActionMask = 2147483647;
			files = (
			);
			runOnlyForDeploymentPostprocessing = 0;
		};
/* End PBXFrameworksBuildPhase section */

/* Begin PBXGroup section */
		FCB1B98328D35766000F1B43 = {
			isa = PBXGroup;
			children = (
				FCB1B98E28D35766000F1B43 /* FSPagerView Demo */,
				FCB1B9A828D35769000F1B43 /* FSPagerView DemoTests */,
				FCB1B9B228D35769000F1B43 /* FSPagerView DemoUITests */,
				FCB1B98D28D35766000F1B43 /* Products */,
			);
			sourceTree = "<group>";
		};
		FCB1B98D28D35766000F1B43 /* Products */ = {
			isa = PBXGroup;
			children = (
				FCB1B98C28D35766000F1B43 /* FSPagerView Demo.app */,
				FCB1B9A528D35769000F1B43 /* FSPagerView DemoTests.xctest */,
				FCB1B9AF28D35769000F1B43 /* FSPagerView DemoUITests.xctest */,
			);
			name = Products;
			sourceTree = "<group>";
		};
		FCB1B98E28D35766000F1B43 /* FSPagerView Demo */ = {
			isa = PBXGroup;
			children = (
				FCB1B98F28D35766000F1B43 /* AppDelegate.swift */,
				FCB1B99128D35766000F1B43 /* SceneDelegate.swift */,
				FCB1B99328D35766000F1B43 /* ViewController.swift */,
				FCB1B99528D35766000F1B43 /* Main.storyboard */,
				FCB1B99B28D35769000F1B43 /* Assets.xcassets */,
				FCB1B99D28D35769000F1B43 /* LaunchScreen.storyboard */,
				FCB1B9A028D35769000F1B43 /* Info.plist */,
				FCB1B99828D35766000F1B43 /* FSPagerView_Demo.xcdatamodeld */,
			);
			path = "FSPagerView Demo";
			sourceTree = "<group>";
		};
		FCB1B9A828D35769000F1B43 /* FSPagerView DemoTests */ = {
			isa = PBXGroup;
			children = (
				FCB1B9A928D35769000F1B43 /* FSPagerView_DemoTests.swift */,
			);
			path = "FSPagerView DemoTests";
			sourceTree = "<group>";
		};
		FCB1B9B228D35769000F1B43 /* FSPagerView DemoUITests */ = {
			isa = PBXGroup;
			children = (
				FCB1B9B328D35769000F1B43 /* FSPagerView_DemoUITests.swift */,
				FCB1B9B528D35769000F1B43 /* FSPagerView_DemoUITestsLaunchTests.swift */,
			);
			path = "FSPagerView DemoUITests";
			sourceTree = "<group>";
		};
/* End PBXGroup section */

/* Begin PBXNativeTarget section */
		FCB1B98B28D35766000F1B43 /* FSPagerView Demo */ = {
			isa = PBXNativeTarget;
			buildConfigurationList = FCB1B9B928D35769000F1B43 /* Build configuration list for PBXNativeTarget "FSPagerView Demo" */;
			buildPhases = (
				FCB1B98828D35766000F1B43 /* Sources */,
				FCB1B98928D35766000F1B43 /* Frameworks */,
				FCB1B98A28D35766000F1B43 /* Resources */,
			);
			buildRules = (
			);
			dependencies = (
			);
			name = "FSPagerView Demo";
			productName = "FSPagerView Demo";
			productReference = FCB1B98C28D35766000F1B43 /* FSPagerView Demo.app */;
			productType = "com.apple.product-type.application";
		};
		FCB1B9A428D35769000F1B43 /* FSPagerView DemoTests */ = {
			isa = PBXNativeTarget;
			buildConfigurationList = FCB1B9BC28D35769000F1B43 /* Build configuration list for PBXNativeTarget "FSPagerView DemoTests" */;
			buildPhases = (
				FCB1B9A128D35769000F1B43 /* Sources */,
				FCB1B9A228D35769000F1B43 /* Frameworks */,
				FCB1B9A328D35769000F1B43 /* Resources */,
			);
			buildRules = (
			);
			dependencies = (
				FCB1B9A728D35769000F1B43 /* PBXTargetDependency */,
			);
			name = "FSPagerView DemoTests";
			productName = "FSPagerView DemoTests";
			productReference = FCB1B9A528D35769000F1B43 /* FSPagerView DemoTests.xctest */;
			productType = "com.apple.product-type.bundle.unit-test";
		};
		FCB1B9AE28D35769000F1B43 /* FSPagerView DemoUITests */ = {
			isa = PBXNativeTarget;
			buildConfigurationList = FCB1B9BF28D35769000F1B43 /* Build configuration list for PBXNativeTarget "FSPagerView DemoUITests" */;
			buildPhases = (
				FCB1B9AB28D35769000F1B43 /* Sources */,
				FCB1B9AC28D35769000F1B43 /* Frameworks */,
				FCB1B9AD28D35769000F1B43 /* Resources */,
			);
			buildRules = (
			);
			dependencies = (
				FCB1B9B128D35769000F1B43 /* PBXTargetDependency */,
			);
			name = "FSPagerView DemoUITests";
			productName = "FSPagerView DemoUITests";
			productReference = FCB1B9AF28D35769000F1B43 /* FSPagerView DemoUITests.xctest */;
			productType = "com.apple.product-type.bundle.ui-testing";
		};
/* End PBXNativeTarget section */

/* Begin PBXProject section */
		FCB1B98428D35766000F1B43 /* Project object */ = {
			isa = PBXProject;
			attributes = {
				BuildIndependentTargetsInParallel = 1;
				LastSwiftUpdateCheck = 1340;
				LastUpgradeCheck = 1340;
				TargetAttributes = {
					FCB1B98B28D35766000F1B43 = {
						CreatedOnToolsVersion = 13.4.1;
					};
					FCB1B9A428D35769000F1B43 = {
						CreatedOnToolsVersion = 13.4.1;
						TestTargetID = FCB1B98B28D35766000F1B43;
					};
					FCB1B9AE28D35769000F1B43 = {
						CreatedOnToolsVersion = 13.4.1;
						TestTargetID = FCB1B98B28D35766000F1B43;
					};
				};
			};
			buildConfigurationList = FCB1B98728D35766000F1B43 /* Build configuration list for PBXProject "FSPagerView Demo" */;
			compatibilityVersion = "Xcode 13.0";
			developmentRegion = en;
			hasScannedForEncodings = 0;
			knownRegions = (
				en,
				Base,
			);
			mainGroup = FCB1B98328D35766000F1B43;
			productRefGroup = FCB1B98D28D35766000F1B43 /* Products */;
			projectDirPath = "";
			projectRoot = "";
			targets = (
				FCB1B98B28D35766000F1B43 /* FSPagerView Demo */,
				FCB1B9A428D35769000F1B43 /* FSPagerView DemoTests */,
				FCB1B9AE28D35769000F1B43 /* FSPagerView DemoUITests */,
			);
		};
/* End PBXProject section */

/* Begin PBXResourcesBuildPhase section */
		FCB1B98A28D35766000F1B43 /* Resources */ = {
			isa = PBXResourcesBuildPhase;
			buildActionMask = 2147483647;
			files = (
				FCB1B99F28D35769000F1B43 /* LaunchScreen.storyboard in Resources */,
				FCB1B99C28D35769000F1B43 /* Assets.xcassets in Resources */,
				FCB1B99728D35766000F1B43 /* Main.storyboard in Resources */,
			);
			runOnlyForDeploymentPostprocessing = 0;
		};
		FCB1B9A328D35769000F1B43 /* Resources */ = {
			isa = PBXResourcesBuildPhase;
			buildActionMask = 2147483647;
			files = (
			);
			runOnlyForDeploymentPostprocessing = 0;
		};
		FCB1B9AD28D35769000F1B43 /* Resources */ = {
			isa = PBXResourcesBuildPhase;
			buildActionMask = 2147483647;
			files = (
			);
			runOnlyForDeploymentPostprocessing = 0;
		};
/* End PBXResourcesBuildPhase section */

/* Begin PBXSourcesBuildPhase section */
		FCB1B98828D35766000F1B43 /* Sources */ = {
			isa = PBXSourcesBuildPhase;
			buildActionMask = 2147483647;
			files = (
				FCB1B99A28D35766000F1B43 /* FSPagerView_Demo.xcdatamodeld in Sources */,
				FCB1B99428D35766000F1B43 /* ViewController.swift in Sources */,
				FCB1B99028D35766000F1B43 /* AppDelegate.swift in Sources */,
				FCB1B99228D35766000F1B43 /* SceneDelegate.swift in Sources */,
			);
			runOnlyForDeploymentPostprocessing = 0;
		};
		FCB1B9A128D35769000F1B43 /* Sources */ = {
			isa = PBXSourcesBuildPhase;
			buildActionMask = 2147483647;
			files = (
				FCB1B9AA28D35769000F1B43 /* FSPagerView_DemoTests.swift in Sources */,
			);
			runOnlyForDeploymentPostprocessing = 0;
		};
		FCB1B9AB28D35769000F1B43 /* Sources */ = {
			isa = PBXSourcesBuildPhase;
			buildActionMask = 2147483647;
			files = (
				FCB1B9B428D35769000F1B43 /* FSPagerView_DemoUITests.swift in Sources */,
				FCB1B9B628D35769000F1B43 /* FSPagerView_DemoUITestsLaunchTests.swift in Sources */,
			);
			runOnlyForDeploymentPostprocessing = 0;
		};
/* End PBXSourcesBuildPhase section */

/* Begin PBXTargetDependency section */
		FCB1B9A728D35769000F1B43 /* PBXTargetDependency */ = {
			isa = PBXTargetDependency;
			target = FCB1B98B28D35766000F1B43 /* FSPagerView Demo */;
			targetProxy = FCB1B9A628D35769000F1B43 /* PBXContainerItemProxy */;
		};
		FCB1B9B128D35769000F1B43 /* PBXTargetDependency */ = {
			isa = PBXTargetDependency;
			target = FCB1B98B28D35766000F1B43 /* FSPagerView Demo */;
			targetProxy = FCB1B9B028D35769000F1B43 /* PBXContainerItemProxy */;
		};
/* End PBXTargetDependency section */

/* Begin PBXVariantGroup section */
		FCB1B99528D35766000F1B43 /* Main.storyboard */ = {
			isa = PBXVariantGroup;
			children = (
				FCB1B99628D35766000F1B43 /* Base */,
			);
			name = Main.storyboard;
			sourceTree = "<group>";
		};
		FCB1B99D28D35769000F1B43 /* LaunchScreen.storyboard */ = {
			isa = PBXVariantGroup;
			children = (
				FCB1B99E28D35769000F1B43 /* Base */,
			);
			name = LaunchScreen.storyboard;
			sourceTree = "<group>";
		};
/* End PBXVariantGroup section */

/* Begin XCBuildConfiguration section */
		FCB1B9B728D35769000F1B43 /* Debug */ = {
			isa = XCBuildConfiguration;
			buildSettings = {
				ALWAYS_SEARCH_USER_PATHS = NO;
				CLANG_ANALYZER_NONNULL = YES;
				CLANG_ANALYZER_NUMBER_OBJECT_CONVERSION = YES_AGGRESSIVE;
				CLANG_CXX_LANGUAGE_STANDARD = "gnu++17";
				CLANG_ENABLE_MODULES = YES;
				CLANG_ENABLE_OBJC_ARC = YES;
				CLANG_ENABLE_OBJC_WEAK = YES;
				CLANG_WARN_BLOCK_CAPTURE_AUTORELEASING = YES;
				CLANG_WARN_BOOL_CONVERSION = YES;
				CLANG_WARN_COMMA = YES;
				CLANG_WARN_CONSTANT_CONVERSION = YES;
				CLANG_WARN_DEPRECATED_OBJC_IMPLEMENTATIONS = YES;
				CLANG_WARN_DIRECT_OBJC_ISA_USAGE = YES_ERROR;
				CLANG_WARN_DOCUMENTATION_COMMENTS = YES;
				CLANG_WARN_EMPTY_BODY = YES;
				CLANG_WARN_ENUM_CONVERSION = YES;
				CLANG_WARN_INFINITE_RECURSION = YES;
				CLANG_WARN_INT_CONVERSION = YES;
				CLANG_WARN_NON_LITERAL_NULL_CONVERSION = YES;
				CLANG_WARN_OBJC_IMPLICIT_RETAIN_SELF = YES;
				CLANG_WARN_OBJC_LITERAL_CONVERSION = YES;
				CLANG_WARN_OBJC_ROOT_CLASS = YES_ERROR;
				CLANG_WARN_QUOTED_INCLUDE_IN_FRAMEWORK_HEADER = YES;
				CLANG_WARN_RANGE_LOOP_ANALYSIS = YES;
				CLANG_WARN_STRICT_PROTOTYPES = YES;
				CLANG_WARN_SUSPICIOUS_MOVE = YES;
				CLANG_WARN_UNGUARDED_AVAILABILITY = YES_AGGRESSIVE;
				CLANG_WARN_UNREACHABLE_CODE = YES;
				CLANG_WARN__DUPLICATE_METHOD_MATCH = YES;
				COPY_PHASE_STRIP = NO;
				DEBUG_INFORMATION_FORMAT = dwarf;
				ENABLE_STRICT_OBJC_MSGSEND = YES;
				ENABLE_TESTABILITY = YES;
				GCC_C_LANGUAGE_STANDARD = gnu11;
				GCC_DYNAMIC_NO_PIC = NO;
				GCC_NO_COMMON_BLOCKS = YES;
				GCC_OPTIMIZATION_LEVEL = 0;
				GCC_PREPROCESSOR_DEFINITIONS = (
					"DEBUG=1",
					"$(inherited)",
				);
				GCC_WARN_64_TO_32_BIT_CONVERSION = YES;
				GCC_WARN_ABOUT_RETURN_TYPE = YES_ERROR;
				GCC_WARN_UNDECLARED_SELECTOR = YES;
				GCC_WARN_UNINITIALIZED_AUTOS = YES_AGGRESSIVE;
				GCC_WARN_UNUSED_FUNCTION = YES;
				GCC_WARN_UNUSED_VARIABLE = YES;
				IPHONEOS_DEPLOYMENT_TARGET = 15.5;
				MTL_ENABLE_DEBUG_INFO = INCLUDE_SOURCE;
				MTL_FAST_MATH = YES;
				ONLY_ACTIVE_ARCH = YES;
				SDKROOT = iphoneos;
				SWIFT_ACTIVE_COMPILATION_CONDITIONS = DEBUG;
				SWIFT_OPTIMIZATION_LEVEL = "-Onone";
			};
			name = Debug;
		};
		FCB1B9B828D35769000F1B43 /* Release */ = {
			isa = XCBuildConfiguration;
			buildSettings = {
				ALWAYS_SEARCH_USER_PATHS = NO;
				CLANG_ANALYZER_NONNULL = YES;
				CLANG_ANALYZER_NUMBER_OBJECT_CONVERSION = YES_AGGRESSIVE;
				CLANG_CXX_LANGUAGE_STANDARD = "gnu++17";
				CLANG_ENABLE_MODULES = YES;
				CLANG_ENABLE_OBJC_ARC = YES;
				CLANG_ENABLE_OBJC_WEAK = YES;
				CLANG_WARN_BLOCK_CAPTURE_AUTORELEASING = YES;
				CLANG_WARN_BOOL_CONVERSION = YES;
				CLANG_WARN_COMMA = YES;
				CLANG_WARN_CONSTANT_CONVERSION = YES;
				CLANG_WARN_DEPRECATED_OBJC_IMPLEMENTATIONS = YES;
				CLANG_WARN_DIRECT_OBJC_ISA_USAGE = YES_ERROR;
				CLANG_WARN_DOCUMENTATION_COMMENTS = YES;
				CLANG_WARN_EMPTY_BODY = YES;
				CLANG_WARN_ENUM_CONVERSION = YES;
				CLANG_WARN_INFINITE_RECURSION = YES;
				CLANG_WARN_INT_CONVERSION = YES;
				CLANG_WARN_NON_LITERAL_NULL_CONVERSION = YES;
				CLANG_WARN_OBJC_IMPLICIT_RETAIN_SELF = YES;
				CLANG_WARN_OBJC_LITERAL_CONVERSION = YES;
				CLANG_WARN_OBJC_ROOT_CLASS = YES_ERROR;
				CLANG_WARN_QUOTED_INCLUDE_IN_FRAMEWORK_HEADER = YES;
				CLANG_WARN_RANGE_LOOP_ANALYSIS = YES;
				CLANG_WARN_STRICT_PROTOTYPES = YES;
				CLANG_WARN_SUSPICIOUS_MOVE = YES;
				CLANG_WARN_UNGUARDED_AVAILABILITY = YES_AGGRESSIVE;
				CLANG_WARN_UNREACHABLE_CODE = YES;
				CLANG_WARN__DUPLICATE_METHOD_MATCH = YES;
				COPY_PHASE_STRIP = NO;
				DEBUG_INFORMATION_FORMAT = "dwarf-with-dsym";
				ENABLE_NS_ASSERTIONS = NO;
				ENABLE_STRICT_OBJC_MSGSEND = YES;
				GCC_C_LANGUAGE_STANDARD = gnu11;
				GCC_NO_COMMON_BLOCKS = YES;
				GCC_WARN_64_TO_32_BIT_CONVERSION = YES;
				GCC_WARN_ABOUT_RETURN_TYPE = YES_ERROR;
				GCC_WARN_UNDECLARED_SELECTOR = YES;
				GCC_WARN_UNINITIALIZED_AUTOS = YES_AGGRESSIVE;
				GCC_WARN_UNUSED_FUNCTION = YES;
				GCC_WARN_UNUSED_VARIABLE = YES;
				IPHONEOS_DEPLOYMENT_TARGET = 15.5;
				MTL_ENABLE_DEBUG_INFO = NO;
				MTL_FAST_MATH = YES;
				SDKROOT = iphoneos;
				SWIFT_COMPILATION_MODE = wholemodule;
				SWIFT_OPTIMIZATION_LEVEL = "-O";
				VALIDATE_PRODUCT = YES;
			};
			name = Release;
		};
		FCB1B9BA28D35769000F1B43 /* Debug */ = {
			isa = XCBuildConfiguration;
			buildSettings = {
				ASSETCATALOG_COMPILER_APPICON_NAME = AppIcon;
				ASSETCATALOG_COMPILER_GLOBAL_ACCENT_COLOR_NAME = AccentColor;
				CODE_SIGN_STYLE = Automatic;
				CURRENT_PROJECT_VERSION = 1;
				DEVELOPMENT_TEAM = YHNN4VPXK7;
				GENERATE_INFOPLIST_FILE = YES;
				INFOPLIST_FILE = "FSPagerView Demo/Info.plist";
				INFOPLIST_KEY_UIApplicationSupportsIndirectInputEvents = YES;
				INFOPLIST_KEY_UILaunchStoryboardName = LaunchScreen;
				INFOPLIST_KEY_UIMainStoryboardFile = Main;
				INFOPLIST_KEY_UISupportedInterfaceOrientations_iPad = "UIInterfaceOrientationPortrait UIInterfaceOrientationPortraitUpsideDown UIInterfaceOrientationLandscapeLeft UIInterfaceOrientationLandscapeRight";
				INFOPLIST_KEY_UISupportedInterfaceOrientations_iPhone = "UIInterfaceOrientationPortrait UIInterfaceOrientationLandscapeLeft UIInterfaceOrientationLandscapeRight";
				LD_RUNPATH_SEARCH_PATHS = (
					"$(inherited)",
					"@executable_path/Frameworks",
				);
				MARKETING_VERSION = 1.0;
				PRODUCT_BUNDLE_IDENTIFIER = "com.ahmedtaha.FSPagerView-Demo";
				PRODUCT_NAME = "$(TARGET_NAME)";
				SWIFT_EMIT_LOC_STRINGS = YES;
				SWIFT_VERSION = 5.0;
				TARGETED_DEVICE_FAMILY = "1,2";
			};
			name = Debug;
		};
		FCB1B9BB28D35769000F1B43 /* Release */ = {
			isa = XCBuildConfiguration;
			buildSettings = {
				ASSETCATALOG_COMPILER_APPICON_NAME = AppIcon;
				ASSETCATALOG_COMPILER_GLOBAL_ACCENT_COLOR_NAME = AccentColor;
				CODE_SIGN_STYLE = Automatic;
				CURRENT_PROJECT_VERSION = 1;
				DEVELOPMENT_TEAM = YHNN4VPXK7;
				GENERATE_INFOPLIST_FILE = YES;
				INFOPLIST_FILE = "FSPagerView Demo/Info.plist";
				INFOPLIST_KEY_UIApplicationSupportsIndirectInputEvents = YES;
				INFOPLIST_KEY_UILaunchStoryboardName = LaunchScreen;
				INFOPLIST_KEY_UIMainStoryboardFile = Main;
				INFOPLIST_KEY_UISupportedInterfaceOrientations_iPad = "UIInterfaceOrientationPortrait UIInterfaceOrientationPortraitUpsideDown UIInterfaceOrientationLandscapeLeft UIInterfaceOrientationLandscapeRight";
				INFOPLIST_KEY_UISupportedInterfaceOrientations_iPhone = "UIInterfaceOrientationPortrait UIInterfaceOrientationLandscapeLeft UIInterfaceOrientationLandscapeRight";
				LD_RUNPATH_SEARCH_PATHS = (
					"$(inherited)",
					"@executable_path/Frameworks",
				);
				MARKETING_VERSION = 1.0;
				PRODUCT_BUNDLE_IDENTIFIER = "com.ahmedtaha.FSPagerView-Demo";
				PRODUCT_NAME = "$(TARGET_NAME)";
				SWIFT_EMIT_LOC_STRINGS = YES;
				SWIFT_VERSION = 5.0;
				TARGETED_DEVICE_FAMILY = "1,2";
			};
			name = Release;
		};
		FCB1B9BD28D35769000F1B43 /* Debug */ = {
			isa = XCBuildConfiguration;
			buildSettings = {
				ALWAYS_EMBED_SWIFT_STANDARD_LIBRARIES = YES;
				BUNDLE_LOADER = "$(TEST_HOST)";
				CODE_SIGN_STYLE = Automatic;
				CURRENT_PROJECT_VERSION = 1;
				DEVELOPMENT_TEAM = YHNN4VPXK7;
				GENERATE_INFOPLIST_FILE = YES;
				IPHONEOS_DEPLOYMENT_TARGET = 15.5;
				MARKETING_VERSION = 1.0;
				PRODUCT_BUNDLE_IDENTIFIER = "com.ahmedtaha.FSPagerView-DemoTests";
				PRODUCT_NAME = "$(TARGET_NAME)";
				SWIFT_EMIT_LOC_STRINGS = NO;
				SWIFT_VERSION = 5.0;
				TARGETED_DEVICE_FAMILY = "1,2";
				TEST_HOST = "$(BUILT_PRODUCTS_DIR)/FSPagerView Demo.app/FSPagerView Demo";
			};
			name = Debug;
		};
		FCB1B9BE28D35769000F1B43 /* Release */ = {
			isa = XCBuildConfiguration;
			buildSettings = {
				ALWAYS_EMBED_SWIFT_STANDARD_LIBRARIES = YES;
				BUNDLE_LOADER = "$(TEST_HOST)";
				CODE_SIGN_STYLE = Automatic;
				CURRENT_PROJECT_VERSION = 1;
				DEVELOPMENT_TEAM = YHNN4VPXK7;
				GENERATE_INFOPLIST_FILE = YES;
				IPHONEOS_DEPLOYMENT_TARGET = 15.5;
				MARKETING_VERSION = 1.0;
				PRODUCT_BUNDLE_IDENTIFIER = "com.ahmedtaha.FSPagerView-DemoTests";
				PRODUCT_NAME = "$(TARGET_NAME)";
				SWIFT_EMIT_LOC_STRINGS = NO;
				SWIFT_VERSION = 5.0;
				TARGETED_DEVICE_FAMILY = "1,2";
				TEST_HOST = "$(BUILT_PRODUCTS_DIR)/FSPagerView Demo.app/FSPagerView Demo";
			};
			name = Release;
		};
		FCB1B9C028D35769000F1B43 /* Debug */ = {
			isa = XCBuildConfiguration;
			buildSettings = {
				ALWAYS_EMBED_SWIFT_STANDARD_LIBRARIES = YES;
				CODE_SIGN_STYLE = Automatic;
				CURRENT_PROJECT_VERSION = 1;
				DEVELOPMENT_TEAM = YHNN4VPXK7;
				GENERATE_INFOPLIST_FILE = YES;
				MARKETING_VERSION = 1.0;
				PRODUCT_BUNDLE_IDENTIFIER = "com.ahmedtaha.FSPagerView-DemoUITests";
				PRODUCT_NAME = "$(TARGET_NAME)";
				SWIFT_EMIT_LOC_STRINGS = NO;
				SWIFT_VERSION = 5.0;
				TARGETED_DEVICE_FAMILY = "1,2";
				TEST_TARGET_NAME = "FSPagerView Demo";
			};
			name = Debug;
		};
		FCB1B9C128D35769000F1B43 /* Release */ = {
			isa = XCBuildConfiguration;
			buildSettings = {
				ALWAYS_EMBED_SWIFT_STANDARD_LIBRARIES = YES;
				CODE_SIGN_STYLE = Automatic;
				CURRENT_PROJECT_VERSION = 1;
				DEVELOPMENT_TEAM = YHNN4VPXK7;
				GENERATE_INFOPLIST_FILE = YES;
				MARKETING_VERSION = 1.0;
				PRODUCT_BUNDLE_IDENTIFIER = "com.ahmedtaha.FSPagerView-DemoUITests";
				PRODUCT_NAME = "$(TARGET_NAME)";
				SWIFT_EMIT_LOC_STRINGS = NO;
				SWIFT_VERSION = 5.0;
				TARGETED_DEVICE_FAMILY = "1,2";
				TEST_TARGET_NAME = "FSPagerView Demo";
			};
			name = Release;
		};
/* End XCBuildConfiguration section */

/* Begin XCConfigurationList section */
		FCB1B98728D35766000F1B43 /* Build configuration list for PBXProject "FSPagerView Demo" */ = {
			isa = XCConfigurationList;
			buildConfigurations = (
				FCB1B9B728D35769000F1B43 /* Debug */,
				FCB1B9B828D35769000F1B43 /* Release */,
			);
			defaultConfigurationIsVisible = 0;
			defaultConfigurationName = Release;
		};
		FCB1B9B928D35769000F1B43 /* Build configuration list for PBXNativeTarget "FSPagerView Demo" */ = {
			isa = XCConfigurationList;
			buildConfigurations = (
				FCB1B9BA28D35769000F1B43 /* Debug */,
				FCB1B9BB28D35769000F1B43 /* Release */,
			);
			defaultConfigurationIsVisible = 0;
			defaultConfigurationName = Release;
		};
		FCB1B9BC28D35769000F1B43 /* Build configuration list for PBXNativeTarget "FSPagerView DemoTests" */ = {
			isa = XCConfigurationList;
			buildConfigurations = (
				FCB1B9BD28D35769000F1B43 /* Debug */,
				FCB1B9BE28D35769000F1B43 /* Release */,
			);
			defaultConfigurationIsVisible = 0;
			defaultConfigurationName = Release;
		};
		FCB1B9BF28D35769000F1B43 /* Build configuration list for PBXNativeTarget "FSPagerView DemoUITests" */ = {
			isa = XCConfigurationList;
			buildConfigurations = (
				FCB1B9C028D35769000F1B43 /* Debug */,
				FCB1B9C128D35769000F1B43 /* Release */,
			);
			defaultConfigurationIsVisible = 0;
			defaultConfigurationName = Release;
		};
/* End XCConfigurationList section */

/* Begin XCVersionGroup section */
		FCB1B99828D35766000F1B43 /* FSPagerView_Demo.xcdatamodeld */ = {
			isa = XCVersionGroup;
			children = (
				FCB1B99928D35766000F1B43 /* FSPagerView_Demo.xcdatamodel */,
			);
			currentVersion = FCB1B99928D35766000F1B43 /* FSPagerView_Demo.xcdatamodel */;
			path = FSPagerView_Demo.xcdatamodeld;
			sourceTree = "<group>";
			versionGroupType = wrapper.xcdatamodel;
		};
/* End XCVersionGroup section */
	};
	rootObject = FCB1B98428D35766000F1B43 /* Project object */;
}
